
Microsoft Visual Studio Solution File, Format Version 12.00
# Visual Studio Version 17
VisualStudioVersion = 17.2.32526.322
MinimumVisualStudioVersion = 10.0.40219.1
Project("{FAE04EC0-301F-11D3-BF4B-00C04F79EFBC}") = "SR16_1", "SR16_1\SR16_1.csproj", "{392BC37D-6690-4316-8051-911C299E5801}"
EndProject
Project("{FAE04EC0-301F-11D3-BF4B-00C04F79EFBC}") = "SR16_2", "SR16_2\SR16_2.csproj", "{D08C7CD0-3309-419B-A304-D86AABFFF13E}"
EndProject
Global
	GlobalSection(SolutionConfigurationPlatforms) = preSolution
		Debug|Any CPU = Debug|Any CPU
		Release|Any CPU = Release|Any CPU
	EndGlobalSection
	GlobalSection(ProjectConfigurationPlatforms) = postSolution
		{392BC37D-6690-4316-8051-911C299E5801}.Debug|Any CPU.ActiveCfg = Debug|Any CPU
		{392BC37D-6690-4316-8051-911C299E5801}.Debug|Any CPU.Build.0 = Debug|Any CPU
		{392BC37D-6690-4316-8051-911C299E5801}.Release|Any CPU.ActiveCfg = Release|Any CPU
		{392BC37D-6690-4316-8051-911C299E5801}.Release|Any CPU.Build.0 = Release|Any CPU
		{D08C7CD0-3309-419B-A304-D86AABFFF13E}.Debug|Any CPU.ActiveCfg = Debug|Any CPU
		{D08C7CD0-3309-419B-A304-D86AABFFF13E}.Debug|Any CPU.Build.0 = Debug|Any CPU
		{D08C7CD0-3309-419B-A304-D86AABFFF13E}.Release|Any CPU.ActiveCfg = Release|Any CPU
		{D08C7CD0-3309-419B-A304-D86AABFFF13E}.Release|Any CPU.Build.0 = Release|Any CPU
	EndGlobalSection
	GlobalSection(SolutionProperties) = preSolution
		HideSolutionNode = FALSE
	EndGlobalSection
	GlobalSection(ExtensibilityGlobals) = postSolution
		SolutionGuid = {C60A3FE5-C3A6-4FBC-8FE2-1316EE1FB79B}
	EndGlobalSection
EndGlobal
